
Microsoft Visual Studio Solution File, Format Version 12.00
# Visual Studio Version 16
VisualStudioVersion = 16.0.30204.135
MinimumVisualStudioVersion = 10.0.40219.1
Project("{FAE04EC0-301F-11D3-BF4B-00C04F79EFBC}") = "Cw10", "Cw10\Cw10.csproj", "{2A7C0E16-48AE-4AF9-8C27-A25D299120FB}"
EndProject
Global
	GlobalSection(SolutionConfigurationPlatforms) = preSolution
		Debug|Any CPU = Debug|Any CPU
		Release|Any CPU = Release|Any CPU
	EndGlobalSection
	GlobalSection(ProjectConfigurationPlatforms) = postSolution
		{2A7C0E16-48AE-4AF9-8C27-A25D299120FB}.Debug|Any CPU.ActiveCfg = Debug|Any CPU
		{2A7C0E16-48AE-4AF9-8C27-A25D299120FB}.Debug|Any CPU.Build.0 = Debug|Any CPU
		{2A7C0E16-48AE-4AF9-8C27-A25D299120FB}.Release|Any CPU.ActiveCfg = Release|Any CPU
		{2A7C0E16-48AE-4AF9-8C27-A25D299120FB}.Release|Any CPU.Build.0 = Release|Any CPU
	EndGlobalSection
	GlobalSection(SolutionProperties) = preSolution
		HideSolutionNode = FALSE
	EndGlobalSection
	GlobalSection(ExtensibilityGlobals) = postSolution
		SolutionGuid = {8081F549-E76E-4B94-8A41-FDF1C374ABAE}
	EndGlobalSection
EndGlobal
